
Microsoft Visual Studio Solution File, Format Version 12.00
# Visual Studio Version 16
VisualStudioVersion = 16.0.28922.388
MinimumVisualStudioVersion = 10.0.40219.1
Project("{FAE04EC0-301F-11D3-BF4B-00C04F79EFBC}") = "ArraysNoah", "ArraysNoah\ArraysNoah.csproj", "{402DF475-36A4-4AA3-AB85-97F9E6A74B8E}"
EndProject
Global
	GlobalSection(SolutionConfigurationPlatforms) = preSolution
		Debug|Any CPU = Debug|Any CPU
		Release|Any CPU = Release|Any CPU
	EndGlobalSection
	GlobalSection(ProjectConfigurationPlatforms) = postSolution
		{402DF475-36A4-4AA3-AB85-97F9E6A74B8E}.Debug|Any CPU.ActiveCfg = Debug|Any CPU
		{402DF475-36A4-4AA3-AB85-97F9E6A74B8E}.Debug|Any CPU.Build.0 = Debug|Any CPU
		{402DF475-36A4-4AA3-AB85-97F9E6A74B8E}.Release|Any CPU.ActiveCfg = Release|Any CPU
		{402DF475-36A4-4AA3-AB85-97F9E6A74B8E}.Release|Any CPU.Build.0 = Release|Any CPU
	EndGlobalSection
	GlobalSection(SolutionProperties) = preSolution
		HideSolutionNode = FALSE
	EndGlobalSection
	GlobalSection(ExtensibilityGlobals) = postSolution
		SolutionGuid = {E1BA71AF-5A4D-4B08-9733-948E15648B24}
	EndGlobalSection
EndGlobal
